
Microsoft Visual Studio Solution File, Format Version 12.00
# Visual Studio Version 16
VisualStudioVersion = 16.0.31112.23
MinimumVisualStudioVersion = 10.0.40219.1
Project("{FAE04EC0-301F-11D3-BF4B-00C04F79EFBC}") = "Device.Components.Core", "Device.Components.Core\Device.Components.Core.csproj", "{0C0CB2C6-85A1-4A67-8AD4-13373C6BB898}"
EndProject
Project("{FAE04EC0-301F-11D3-BF4B-00C04F79EFBC}") = "Device.Components.Abstractions", "Device.Components.Abstractions\Device.Components.Abstractions.csproj", "{D0EBAF72-2372-403D-91B0-B8473E54ABB1}"
EndProject
Project("{2150E333-8FDC-42A3-9474-1A3956D46DE8}") = "UI", "UI", "{76CD8C73-10A1-4E23-8948-F1433092A81C}"
EndProject
Project("{FAE04EC0-301F-11D3-BF4B-00C04F79EFBC}") = "UI.Client.WPF", "Orion.Client\UI.Client.WPF.csproj", "{2CDE623C-DDCB-4426-BE12-B95F4C726BB5}"
EndProject
Project("{FAE04EC0-301F-11D3-BF4B-00C04F79EFBC}") = "Device.Components.Models", "Device.Components.Models\Device.Components.Models.csproj", "{47BDFE33-72A8-45EA-AF6C-C14719880755}"
EndProject
Project("{2150E333-8FDC-42A3-9474-1A3956D46DE8}") = "Device", "Device", "{CA871C01-BEA5-4F14-B905-F234AA48F320}"
EndProject
Project("{FAE04EC0-301F-11D3-BF4B-00C04F79EFBC}") = "UI.Client.Models", "Orion.Client.Models\UI.Client.Models.csproj", "{2AB8D762-E761-4477-8E52-F069A0BE4D76}"
EndProject
Project("{FAE04EC0-301F-11D3-BF4B-00C04F79EFBC}") = "UI.Clients.Abstractions", "Orion.Clients.Abstractions\UI.Clients.Abstractions.csproj", "{480D8E55-C5A0-45E5-AC76-CE0975136164}"
EndProject
Project("{2150E333-8FDC-42A3-9474-1A3956D46DE8}") = "Benchmark", "Benchmark", "{E59DA189-917E-4509-9537-2BF6E90915B3}"
EndProject
Project("{FAE04EC0-301F-11D3-BF4B-00C04F79EFBC}") = "Benchmark.Abstractions", "Benchmark.Abstractions\Benchmark.Abstractions.csproj", "{63D3DF70-F726-42B2-A966-708A0A802352}"
EndProject
Project("{FAE04EC0-301F-11D3-BF4B-00C04F79EFBC}") = "Benchmark.Models", "Benchmark.Models\Benchmark.Models.csproj", "{348019BB-62C6-44E4-81CE-B7CFF9D00445}"
EndProject
Project("{FAE04EC0-301F-11D3-BF4B-00C04F79EFBC}") = "Benchmark.Tools", "Benchmark.Tools\Benchmark.Tools.csproj", "{59C40BF7-103C-4334-BCA4-657095C0E7B9}"
EndProject
Project("{FAE04EC0-301F-11D3-BF4B-00C04F79EFBC}") = "UI.Client.Components", "UI.Client.Components\UI.Client.Components.csproj", "{2CF2E3F4-5B34-4A53-809C-24F8D32DD6FF}"
EndProject
Project("{FAE04EC0-301F-11D3-BF4B-00C04F79EFBC}") = "UI.Client.Core", "UI.Client.Core\UI.Client.Core.csproj", "{ABE968F0-8D81-4099-9F71-66FE9C298C79}"
EndProject
Project("{FAE04EC0-301F-11D3-BF4B-00C04F79EFBC}") = "Device.Componenets.Service", "Device.Componenets.Service\Device.Componenets.Service.csproj", "{D332A1F6-1B1C-4CD5-B49C-2850CA9AB5A3}"
EndProject
Global
	GlobalSection(SolutionConfigurationPlatforms) = preSolution
		Debug|Any CPU = Debug|Any CPU
		Release|Any CPU = Release|Any CPU
	EndGlobalSection
	GlobalSection(ProjectConfigurationPlatforms) = postSolution
		{0C0CB2C6-85A1-4A67-8AD4-13373C6BB898}.Debug|Any CPU.ActiveCfg = Debug|Any CPU
		{0C0CB2C6-85A1-4A67-8AD4-13373C6BB898}.Debug|Any CPU.Build.0 = Debug|Any CPU
		{0C0CB2C6-85A1-4A67-8AD4-13373C6BB898}.Release|Any CPU.ActiveCfg = Release|Any CPU
		{0C0CB2C6-85A1-4A67-8AD4-13373C6BB898}.Release|Any CPU.Build.0 = Release|Any CPU
		{D0EBAF72-2372-403D-91B0-B8473E54ABB1}.Debug|Any CPU.ActiveCfg = Debug|Any CPU
		{D0EBAF72-2372-403D-91B0-B8473E54ABB1}.Debug|Any CPU.Build.0 = Debug|Any CPU
		{D0EBAF72-2372-403D-91B0-B8473E54ABB1}.Release|Any CPU.ActiveCfg = Release|Any CPU
		{D0EBAF72-2372-403D-91B0-B8473E54ABB1}.Release|Any CPU.Build.0 = Release|Any CPU
		{2CDE623C-DDCB-4426-BE12-B95F4C726BB5}.Debug|Any CPU.ActiveCfg = Debug|Any CPU
		{2CDE623C-DDCB-4426-BE12-B95F4C726BB5}.Debug|Any CPU.Build.0 = Debug|Any CPU
		{2CDE623C-DDCB-4426-BE12-B95F4C726BB5}.Release|Any CPU.ActiveCfg = Release|Any CPU
		{2CDE623C-DDCB-4426-BE12-B95F4C726BB5}.Release|Any CPU.Build.0 = Release|Any CPU
		{47BDFE33-72A8-45EA-AF6C-C14719880755}.Debug|Any CPU.ActiveCfg = Debug|Any CPU
		{47BDFE33-72A8-45EA-AF6C-C14719880755}.Debug|Any CPU.Build.0 = Debug|Any CPU
		{47BDFE33-72A8-45EA-AF6C-C14719880755}.Release|Any CPU.ActiveCfg = Release|Any CPU
		{47BDFE33-72A8-45EA-AF6C-C14719880755}.Release|Any CPU.Build.0 = Release|Any CPU
		{2AB8D762-E761-4477-8E52-F069A0BE4D76}.Debug|Any CPU.ActiveCfg = Debug|Any CPU
		{2AB8D762-E761-4477-8E52-F069A0BE4D76}.Debug|Any CPU.Build.0 = Debug|Any CPU
		{2AB8D762-E761-4477-8E52-F069A0BE4D76}.Release|Any CPU.ActiveCfg = Release|Any CPU
		{2AB8D762-E761-4477-8E52-F069A0BE4D76}.Release|Any CPU.Build.0 = Release|Any CPU
		{480D8E55-C5A0-45E5-AC76-CE0975136164}.Debug|Any CPU.ActiveCfg = Debug|Any CPU
		{480D8E55-C5A0-45E5-AC76-CE0975136164}.Debug|Any CPU.Build.0 = Debug|Any CPU
		{480D8E55-C5A0-45E5-AC76-CE0975136164}.Release|Any CPU.ActiveCfg = Release|Any CPU
		{480D8E55-C5A0-45E5-AC76-CE0975136164}.Release|Any CPU.Build.0 = Release|Any CPU
		{63D3DF70-F726-42B2-A966-708A0A802352}.Debug|Any CPU.ActiveCfg = Debug|Any CPU
		{63D3DF70-F726-42B2-A966-708A0A802352}.Debug|Any CPU.Build.0 = Debug|Any CPU
		{63D3DF70-F726-42B2-A966-708A0A802352}.Release|Any CPU.ActiveCfg = Release|Any CPU
		{63D3DF70-F726-42B2-A966-708A0A802352}.Release|Any CPU.Build.0 = Release|Any CPU
		{348019BB-62C6-44E4-81CE-B7CFF9D00445}.Debug|Any CPU.ActiveCfg = Debug|Any CPU
		{348019BB-62C6-44E4-81CE-B7CFF9D00445}.Debug|Any CPU.Build.0 = Debug|Any CPU
		{348019BB-62C6-44E4-81CE-B7CFF9D00445}.Release|Any CPU.ActiveCfg = Release|Any CPU
		{348019BB-62C6-44E4-81CE-B7CFF9D00445}.Release|Any CPU.Build.0 = Release|Any CPU
		{59C40BF7-103C-4334-BCA4-657095C0E7B9}.Debug|Any CPU.ActiveCfg = Debug|Any CPU
		{59C40BF7-103C-4334-BCA4-657095C0E7B9}.Debug|Any CPU.Build.0 = Debug|Any CPU
		{59C40BF7-103C-4334-BCA4-657095C0E7B9}.Release|Any CPU.ActiveCfg = Release|Any CPU
		{59C40BF7-103C-4334-BCA4-657095C0E7B9}.Release|Any CPU.Build.0 = Release|Any CPU
		{2CF2E3F4-5B34-4A53-809C-24F8D32DD6FF}.Debug|Any CPU.ActiveCfg = Debug|Any CPU
		{2CF2E3F4-5B34-4A53-809C-24F8D32DD6FF}.Debug|Any CPU.Build.0 = Debug|Any CPU
		{2CF2E3F4-5B34-4A53-809C-24F8D32DD6FF}.Release|Any CPU.ActiveCfg = Release|Any CPU
		{2CF2E3F4-5B34-4A53-809C-24F8D32DD6FF}.Release|Any CPU.Build.0 = Release|Any CPU
		{ABE968F0-8D81-4099-9F71-66FE9C298C79}.Debug|Any CPU.ActiveCfg = Debug|Any CPU
		{ABE968F0-8D81-4099-9F71-66FE9C298C79}.Debug|Any CPU.Build.0 = Debug|Any CPU
		{ABE968F0-8D81-4099-9F71-66FE9C298C79}.Release|Any CPU.ActiveCfg = Release|Any CPU
		{ABE968F0-8D81-4099-9F71-66FE9C298C79}.Release|Any CPU.Build.0 = Release|Any CPU
		{D332A1F6-1B1C-4CD5-B49C-2850CA9AB5A3}.Debug|Any CPU.ActiveCfg = Debug|Any CPU
		{D332A1F6-1B1C-4CD5-B49C-2850CA9AB5A3}.Debug|Any CPU.Build.0 = Debug|Any CPU
		{D332A1F6-1B1C-4CD5-B49C-2850CA9AB5A3}.Release|Any CPU.ActiveCfg = Release|Any CPU
		{D332A1F6-1B1C-4CD5-B49C-2850CA9AB5A3}.Release|Any CPU.Build.0 = Release|Any CPU
	EndGlobalSection
	GlobalSection(SolutionProperties) = preSolution
		HideSolutionNode = FALSE
	EndGlobalSection
	GlobalSection(NestedProjects) = preSolution
		{0C0CB2C6-85A1-4A67-8AD4-13373C6BB898} = {CA871C01-BEA5-4F14-B905-F234AA48F320}
		{D0EBAF72-2372-403D-91B0-B8473E54ABB1} = {CA871C01-BEA5-4F14-B905-F234AA48F320}
		{2CDE623C-DDCB-4426-BE12-B95F4C726BB5} = {76CD8C73-10A1-4E23-8948-F1433092A81C}
		{47BDFE33-72A8-45EA-AF6C-C14719880755} = {CA871C01-BEA5-4F14-B905-F234AA48F320}
		{2AB8D762-E761-4477-8E52-F069A0BE4D76} = {76CD8C73-10A1-4E23-8948-F1433092A81C}
		{480D8E55-C5A0-45E5-AC76-CE0975136164} = {76CD8C73-10A1-4E23-8948-F1433092A81C}
		{63D3DF70-F726-42B2-A966-708A0A802352} = {E59DA189-917E-4509-9537-2BF6E90915B3}
		{348019BB-62C6-44E4-81CE-B7CFF9D00445} = {E59DA189-917E-4509-9537-2BF6E90915B3}
		{59C40BF7-103C-4334-BCA4-657095C0E7B9} = {E59DA189-917E-4509-9537-2BF6E90915B3}
		{2CF2E3F4-5B34-4A53-809C-24F8D32DD6FF} = {76CD8C73-10A1-4E23-8948-F1433092A81C}
		{ABE968F0-8D81-4099-9F71-66FE9C298C79} = {76CD8C73-10A1-4E23-8948-F1433092A81C}
		{D332A1F6-1B1C-4CD5-B49C-2850CA9AB5A3} = {CA871C01-BEA5-4F14-B905-F234AA48F320}
	EndGlobalSection
	GlobalSection(ExtensibilityGlobals) = postSolution
		SolutionGuid = {438026FA-BEB5-4B59-B376-05D4838CAC92}
	EndGlobalSection
EndGlobal
